// !$*UTF8*$!
{
	archiveVersion = 1;
	classes = {
	};
	objectVersion = 55;
	objects = {

/* Begin PBXBuildFile section */
		4A770A6827AC11440056B7CC /* AppDelegate.swift in Sources */ = {isa = PBXBuildFile; fileRef = 4A770A6727AC11440056B7CC /* AppDelegate.swift */; };
		4A770A6A27AC11440056B7CC /* SceneDelegate.swift in Sources */ = {isa = PBXBuildFile; fileRef = 4A770A6927AC11440056B7CC /* SceneDelegate.swift */; };
		4A770A6C27AC11440056B7CC /* ViewController.swift in Sources */ = {isa = PBXBuildFile; fileRef = 4A770A6B27AC11440056B7CC /* ViewController.swift */; };
		4A770A6F27AC11440056B7CC /* Main.storyboard in Resources */ = {isa = PBXBuildFile; fileRef = 4A770A6D27AC11440056B7CC /* Main.storyboard */; };
		4A770A7127AC11450056B7CC /* Assets.xcassets in Resources */ = {isa = PBXBuildFile; fileRef = 4A770A7027AC11450056B7CC /* Assets.xcassets */; };
		4A770A7427AC11450056B7CC /* LaunchScreen.storyboard in Resources */ = {isa = PBXBuildFile; fileRef = 4A770A7227AC11450056B7CC /* LaunchScreen.storyboard */; };
		4A770A7F27AC11460056B7CC /* RegistrationFormTests.swift in Sources */ = {isa = PBXBuildFile; fileRef = 4A770A7E27AC11460056B7CC /* RegistrationFormTests.swift */; };
		4A770A8927AC11460056B7CC /* RegistrationFormUITests.swift in Sources */ = {isa = PBXBuildFile; fileRef = 4A770A8827AC11460056B7CC /* RegistrationFormUITests.swift */; };
		4A770A8B27AC11460056B7CC /* RegistrationFormUITestsLaunchTests.swift in Sources */ = {isa = PBXBuildFile; fileRef = 4A770A8A27AC11460056B7CC /* RegistrationFormUITestsLaunchTests.swift */; };
		4A770A9827AC11940056B7CC /* FormField.swift in Sources */ = {isa = PBXBuildFile; fileRef = 4A770A9727AC11940056B7CC /* FormField.swift */; };
		4A770A9A27AC11F50056B7CC /* TextInputFormField.swift in Sources */ = {isa = PBXBuildFile; fileRef = 4A770A9927AC11F50056B7CC /* TextInputFormField.swift */; };
		4A770A9D27AC125D0056B7CC /* TextInputCell.swift in Sources */ = {isa = PBXBuildFile; fileRef = 4A770A9B27AC125D0056B7CC /* TextInputCell.swift */; };
		4A770A9E27AC125D0056B7CC /* TextInputCell.xib in Resources */ = {isa = PBXBuildFile; fileRef = 4A770A9C27AC125D0056B7CC /* TextInputCell.xib */; };
		4A770AA027AC169C0056B7CC /* ToggleInputFormField.swift in Sources */ = {isa = PBXBuildFile; fileRef = 4A770A9F27AC169C0056B7CC /* ToggleInputFormField.swift */; };
		4A770AA327AC176C0056B7CC /* ToggleInputFormTableViewCell.swift in Sources */ = {isa = PBXBuildFile; fileRef = 4A770AA127AC176C0056B7CC /* ToggleInputFormTableViewCell.swift */; };
		4A770AA427AC176C0056B7CC /* ToggleInputFormTableViewCell.xib in Resources */ = {isa = PBXBuildFile; fileRef = 4A770AA227AC176C0056B7CC /* ToggleInputFormTableViewCell.xib */; };
		4A770AA627AC1A260056B7CC /* ViewModel.swift in Sources */ = {isa = PBXBuildFile; fileRef = 4A770AA527AC1A260056B7CC /* ViewModel.swift */; };
/* End PBXBuildFile section */

/* Begin PBXContainerItemProxy section */
		4A770A7B27AC11460056B7CC /* PBXContainerItemProxy */ = {
			isa = PBXContainerItemProxy;
			containerPortal = 4A770A5C27AC11440056B7CC /* Project object */;
			proxyType = 1;
			remoteGlobalIDString = 4A770A6327AC11440056B7CC;
			remoteInfo = RegistrationForm;
		};
		4A770A8527AC11460056B7CC /* PBXContainerItemProxy */ = {
			isa = PBXContainerItemProxy;
			containerPortal = 4A770A5C27AC11440056B7CC /* Project object */;
			proxyType = 1;
			remoteGlobalIDString = 4A770A6327AC11440056B7CC;
			remoteInfo = RegistrationForm;
		};
/* End PBXContainerItemProxy section */

/* Begin PBXFileReference section */
		4A770A6427AC11440056B7CC /* RegistrationForm.app */ = {isa = PBXFileReference; explicitFileType = wrapper.application; includeInIndex = 0; path = RegistrationForm.app; sourceTree = BUILT_PRODUCTS_DIR; };
		4A770A6727AC11440056B7CC /* AppDelegate.swift */ = {isa = PBXFileReference; lastKnownFileType = sourcecode.swift; path = AppDelegate.swift; sourceTree = "<group>"; };
		4A770A6927AC11440056B7CC /* SceneDelegate.swift */ = {isa = PBXFileReference; lastKnownFileType = sourcecode.swift; path = SceneDelegate.swift; sourceTree = "<group>"; };
		4A770A6B27AC11440056B7CC /* ViewController.swift */ = {isa = PBXFileReference; lastKnownFileType = sourcecode.swift; path = ViewController.swift; sourceTree = "<group>"; };
		4A770A6E27AC11440056B7CC /* Base */ = {isa = PBXFileReference; lastKnownFileType = file.storyboard; name = Base; path = Base.lproj/Main.storyboard; sourceTree = "<group>"; };
		4A770A7027AC11450056B7CC /* Assets.xcassets */ = {isa = PBXFileReference; lastKnownFileType = folder.assetcatalog; path = Assets.xcassets; sourceTree = "<group>"; };
		4A770A7327AC11450056B7CC /* Base */ = {isa = PBXFileReference; lastKnownFileType = file.storyboard; name = Base; path = Base.lproj/LaunchScreen.storyboard; sourceTree = "<group>"; };
		4A770A7527AC11450056B7CC /* Info.plist */ = {isa = PBXFileReference; lastKnownFileType = text.plist.xml; path = Info.plist; sourceTree = "<group>"; };
		4A770A7A27AC11460056B7CC /* RegistrationFormTests.xctest */ = {isa = PBXFileReference; explicitFileType = wrapper.cfbundle; includeInIndex = 0; path = RegistrationFormTests.xctest; sourceTree = BUILT_PRODUCTS_DIR; };
		4A770A7E27AC11460056B7CC /* RegistrationFormTests.swift */ = {isa = PBXFileReference; lastKnownFileType = sourcecode.swift; path = RegistrationFormTests.swift; sourceTree = "<group>"; };
		4A770A8427AC11460056B7CC /* RegistrationFormUITests.xctest */ = {isa = PBXFileReference; explicitFileType = wrapper.cfbundle; includeInIndex = 0; path = RegistrationFormUITests.xctest; sourceTree = BUILT_PRODUCTS_DIR; };
		4A770A8827AC11460056B7CC /* RegistrationFormUITests.swift */ = {isa = PBXFileReference; lastKnownFileType = sourcecode.swift; path = RegistrationFormUITests.swift; sourceTree = "<group>"; };
		4A770A8A27AC11460056B7CC /* RegistrationFormUITestsLaunchTests.swift */ = {isa = PBXFileReference; lastKnownFileType = sourcecode.swift; path = RegistrationFormUITestsLaunchTests.swift; sourceTree = "<group>"; };
		4A770A9727AC11940056B7CC /* FormField.swift */ = {isa = PBXFileReference; lastKnownFileType = sourcecode.swift; path = FormField.swift; sourceTree = "<group>"; };
		4A770A9927AC11F50056B7CC /* TextInputFormField.swift */ = {isa = PBXFileReference; lastKnownFileType = sourcecode.swift; path = TextInputFormField.swift; sourceTree = "<group>"; };
		4A770A9B27AC125D0056B7CC /* TextInputCell.swift */ = {isa = PBXFileReference; lastKnownFileType = sourcecode.swift; path = TextInputCell.swift; sourceTree = "<group>"; };
		4A770A9C27AC125D0056B7CC /* TextInputCell.xib */ = {isa = PBXFileReference; lastKnownFileType = file.xib; path = TextInputCell.xib; sourceTree = "<group>"; };
		4A770A9F27AC169C0056B7CC /* ToggleInputFormField.swift */ = {isa = PBXFileReference; lastKnownFileType = sourcecode.swift; path = ToggleInputFormField.swift; sourceTree = "<group>"; };
		4A770AA127AC176C0056B7CC /* ToggleInputFormTableViewCell.swift */ = {isa = PBXFileReference; lastKnownFileType = sourcecode.swift; path = ToggleInputFormTableViewCell.swift; sourceTree = "<group>"; };
		4A770AA227AC176C0056B7CC /* ToggleInputFormTableViewCell.xib */ = {isa = PBXFileReference; lastKnownFileType = file.xib; path = ToggleInputFormTableViewCell.xib; sourceTree = "<group>"; };
		4A770AA527AC1A260056B7CC /* ViewModel.swift */ = {isa = PBXFileReference; lastKnownFileType = sourcecode.swift; path = ViewModel.swift; sourceTree = "<group>"; };
/* End PBXFileReference section */

/* Begin PBXFrameworksBuildPhase section */
		4A770A6127AC11440056B7CC /* Frameworks */ = {
			isa = PBXFrameworksBuildPhase;
			buildActionMask = 2147483647;
			files = (
			);
			runOnlyForDeploymentPostprocessing = 0;
		};
		4A770A7727AC11460056B7CC /* Frameworks */ = {
			isa = PBXFrameworksBuildPhase;
			buildActionMask = 2147483647;
			files = (
			);
			runOnlyForDeploymentPostprocessing = 0;
		};
		4A770A8127AC11460056B7CC /* Frameworks */ = {
			isa = PBXFrameworksBuildPhase;
			buildActionMask = 2147483647;
			files = (
			);
			runOnlyForDeploymentPostprocessing = 0;
		};
/* End PBXFrameworksBuildPhase section */

/* Begin PBXGroup section */
		4A770A5B27AC11440056B7CC = {
			isa = PBXGroup;
			children = (
				4A770A6627AC11440056B7CC /* RegistrationForm */,
				4A770A7D27AC11460056B7CC /* RegistrationFormTests */,
				4A770A8727AC11460056B7CC /* RegistrationFormUITests */,
				4A770A6527AC11440056B7CC /* Products */,
			);
			sourceTree = "<group>";
		};
		4A770A6527AC11440056B7CC /* Products */ = {
			isa = PBXGroup;
			children = (
				4A770A6427AC11440056B7CC /* RegistrationForm.app */,
				4A770A7A27AC11460056B7CC /* RegistrationFormTests.xctest */,
				4A770A8427AC11460056B7CC /* RegistrationFormUITests.xctest */,
			);
			name = Products;
			sourceTree = "<group>";
		};
		4A770A6627AC11440056B7CC /* RegistrationForm */ = {
			isa = PBXGroup;
			children = (
				4A770A6727AC11440056B7CC /* AppDelegate.swift */,
				4A770A6927AC11440056B7CC /* SceneDelegate.swift */,
				4A770A6B27AC11440056B7CC /* ViewController.swift */,
				4A770A6D27AC11440056B7CC /* Main.storyboard */,
				4A770A7027AC11450056B7CC /* Assets.xcassets */,
				4A770A7227AC11450056B7CC /* LaunchScreen.storyboard */,
				4A770A7527AC11450056B7CC /* Info.plist */,
				4A770A9727AC11940056B7CC /* FormField.swift */,
				4A770A9927AC11F50056B7CC /* TextInputFormField.swift */,
				4A770A9B27AC125D0056B7CC /* TextInputCell.swift */,
				4A770A9C27AC125D0056B7CC /* TextInputCell.xib */,
				4A770A9F27AC169C0056B7CC /* ToggleInputFormField.swift */,
				4A770AA127AC176C0056B7CC /* ToggleInputFormTableViewCell.swift */,
				4A770AA227AC176C0056B7CC /* ToggleInputFormTableViewCell.xib */,
				4A770AA527AC1A260056B7CC /* ViewModel.swift */,
			);
			path = RegistrationForm;
			sourceTree = "<group>";
		};
		4A770A7D27AC11460056B7CC /* RegistrationFormTests */ = {
			isa = PBXGroup;
			children = (
				4A770A7E27AC11460056B7CC /* RegistrationFormTests.swift */,
			);
			path = RegistrationFormTests;
			sourceTree = "<group>";
		};
		4A770A8727AC11460056B7CC /* RegistrationFormUITests */ = {
			isa = PBXGroup;
			children = (
				4A770A8827AC11460056B7CC /* RegistrationFormUITests.swift */,
				4A770A8A27AC11460056B7CC /* RegistrationFormUITestsLaunchTests.swift */,
			);
			path = RegistrationFormUITests;
			sourceTree = "<group>";
		};
/* End PBXGroup section */

/* Begin PBXNativeTarget section */
		4A770A6327AC11440056B7CC /* RegistrationForm */ = {
			isa = PBXNativeTarget;
			buildConfigurationList = 4A770A8E27AC11460056B7CC /* Build configuration list for PBXNativeTarget "RegistrationForm" */;
			buildPhases = (
				4A770A6027AC11440056B7CC /* Sources */,
				4A770A6127AC11440056B7CC /* Frameworks */,
				4A770A6227AC11440056B7CC /* Resources */,
			);
			buildRules = (
			);
			dependencies = (
			);
			name = RegistrationForm;
			productName = RegistrationForm;
			productReference = 4A770A6427AC11440056B7CC /* RegistrationForm.app */;
			productType = "com.apple.product-type.application";
		};
		4A770A7927AC11460056B7CC /* RegistrationFormTests */ = {
			isa = PBXNativeTarget;
			buildConfigurationList = 4A770A9127AC11460056B7CC /* Build configuration list for PBXNativeTarget "RegistrationFormTests" */;
			buildPhases = (
				4A770A7627AC11460056B7CC /* Sources */,
				4A770A7727AC11460056B7CC /* Frameworks */,
				4A770A7827AC11460056B7CC /* Resources */,
			);
			buildRules = (
			);
			dependencies = (
				4A770A7C27AC11460056B7CC /* PBXTargetDependency */,
			);
			name = RegistrationFormTests;
			productName = RegistrationFormTests;
			productReference = 4A770A7A27AC11460056B7CC /* RegistrationFormTests.xctest */;
			productType = "com.apple.product-type.bundle.unit-test";
		};
		4A770A8327AC11460056B7CC /* RegistrationFormUITests */ = {
			isa = PBXNativeTarget;
			buildConfigurationList = 4A770A9427AC11460056B7CC /* Build configuration list for PBXNativeTarget "RegistrationFormUITests" */;
			buildPhases = (
				4A770A8027AC11460056B7CC /* Sources */,
				4A770A8127AC11460056B7CC /* Frameworks */,
				4A770A8227AC11460056B7CC /* Resources */,
			);
			buildRules = (
			);
			dependencies = (
				4A770A8627AC11460056B7CC /* PBXTargetDependency */,
			);
			name = RegistrationFormUITests;
			productName = RegistrationFormUITests;
			productReference = 4A770A8427AC11460056B7CC /* RegistrationFormUITests.xctest */;
			productType = "com.apple.product-type.bundle.ui-testing";
		};
/* End PBXNativeTarget section */

/* Begin PBXProject section */
		4A770A5C27AC11440056B7CC /* Project object */ = {
			isa = PBXProject;
			attributes = {
				BuildIndependentTargetsInParallel = 1;
				LastSwiftUpdateCheck = 1320;
				LastUpgradeCheck = 1320;
				TargetAttributes = {
					4A770A6327AC11440056B7CC = {
						CreatedOnToolsVersion = 13.2.1;
					};
					4A770A7927AC11460056B7CC = {
						CreatedOnToolsVersion = 13.2.1;
						TestTargetID = 4A770A6327AC11440056B7CC;
					};
					4A770A8327AC11460056B7CC = {
						CreatedOnToolsVersion = 13.2.1;
						TestTargetID = 4A770A6327AC11440056B7CC;
					};
				};
			};
			buildConfigurationList = 4A770A5F27AC11440056B7CC /* Build configuration list for PBXProject "RegistrationForm" */;
			compatibilityVersion = "Xcode 13.0";
			developmentRegion = en;
			hasScannedForEncodings = 0;
			knownRegions = (
				en,
				Base,
			);
			mainGroup = 4A770A5B27AC11440056B7CC;
			productRefGroup = 4A770A6527AC11440056B7CC /* Products */;
			projectDirPath = "";
			projectRoot = "";
			targets = (
				4A770A6327AC11440056B7CC /* RegistrationForm */,
				4A770A7927AC11460056B7CC /* RegistrationFormTests */,
				4A770A8327AC11460056B7CC /* RegistrationFormUITests */,
			);
		};
/* End PBXProject section */

/* Begin PBXResourcesBuildPhase section */
		4A770A6227AC11440056B7CC /* Resources */ = {
			isa = PBXResourcesBuildPhase;
			buildActionMask = 2147483647;
			files = (
				4A770A7427AC11450056B7CC /* LaunchScreen.storyboard in Resources */,
				4A770A7127AC11450056B7CC /* Assets.xcassets in Resources */,
				4A770AA427AC176C0056B7CC /* ToggleInputFormTableViewCell.xib in Resources */,
				4A770A6F27AC11440056B7CC /* Main.storyboard in Resources */,
				4A770A9E27AC125D0056B7CC /* TextInputCell.xib in Resources */,
			);
			runOnlyForDeploymentPostprocessing = 0;
		};
		4A770A7827AC11460056B7CC /* Resources */ = {
			isa = PBXResourcesBuildPhase;
			buildActionMask = 2147483647;
			files = (
			);
			runOnlyForDeploymentPostprocessing = 0;
		};
		4A770A8227AC11460056B7CC /* Resources */ = {
			isa = PBXResourcesBuildPhase;
			buildActionMask = 2147483647;
			files = (
			);
			runOnlyForDeploymentPostprocessing = 0;
		};
/* End PBXResourcesBuildPhase section */

/* Begin PBXSourcesBuildPhase section */
		4A770A6027AC11440056B7CC /* Sources */ = {
			isa = PBXSourcesBuildPhase;
			buildActionMask = 2147483647;
			files = (
				4A770A6C27AC11440056B7CC /* ViewController.swift in Sources */,
				4A770AA627AC1A260056B7CC /* ViewModel.swift in Sources */,
				4A770A6827AC11440056B7CC /* AppDelegate.swift in Sources */,
				4A770AA027AC169C0056B7CC /* ToggleInputFormField.swift in Sources */,
				4A770A9A27AC11F50056B7CC /* TextInputFormField.swift in Sources */,
				4A770A9827AC11940056B7CC /* FormField.swift in Sources */,
				4A770A6A27AC11440056B7CC /* SceneDelegate.swift in Sources */,
				4A770AA327AC176C0056B7CC /* ToggleInputFormTableViewCell.swift in Sources */,
				4A770A9D27AC125D0056B7CC /* TextInputCell.swift in Sources */,
			);
			runOnlyForDeploymentPostprocessing = 0;
		};
		4A770A7627AC11460056B7CC /* Sources */ = {
			isa = PBXSourcesBuildPhase;
			buildActionMask = 2147483647;
			files = (
				4A770A7F27AC11460056B7CC /* RegistrationFormTests.swift in Sources */,
			);
			runOnlyForDeploymentPostprocessing = 0;
		};
		4A770A8027AC11460056B7CC /* Sources */ = {
			isa = PBXSourcesBuildPhase;
			buildActionMask = 2147483647;
			files = (
				4A770A8927AC11460056B7CC /* RegistrationFormUITests.swift in Sources */,
				4A770A8B27AC11460056B7CC /* RegistrationFormUITestsLaunchTests.swift in Sources */,
			);
			runOnlyForDeploymentPostprocessing = 0;
		};
/* End PBXSourcesBuildPhase section */

/* Begin PBXTargetDependency section */
		4A770A7C27AC11460056B7CC /* PBXTargetDependency */ = {
			isa = PBXTargetDependency;
			target = 4A770A6327AC11440056B7CC /* RegistrationForm */;
			targetProxy = 4A770A7B27AC11460056B7CC /* PBXContainerItemProxy */;
		};
		4A770A8627AC11460056B7CC /* PBXTargetDependency */ = {
			isa = PBXTargetDependency;
			target = 4A770A6327AC11440056B7CC /* RegistrationForm */;
			targetProxy = 4A770A8527AC11460056B7CC /* PBXContainerItemProxy */;
		};
/* End PBXTargetDependency section */

/* Begin PBXVariantGroup section */
		4A770A6D27AC11440056B7CC /* Main.storyboard */ = {
			isa = PBXVariantGroup;
			children = (
				4A770A6E27AC11440056B7CC /* Base */,
			);
			name = Main.storyboard;
			sourceTree = "<group>";
		};
		4A770A7227AC11450056B7CC /* LaunchScreen.storyboard */ = {
			isa = PBXVariantGroup;
			children = (
				4A770A7327AC11450056B7CC /* Base */,
			);
			name = LaunchScreen.storyboard;
			sourceTree = "<group>";
		};
/* End PBXVariantGroup section */

/* Begin XCBuildConfiguration section */
		4A770A8C27AC11460056B7CC /* Debug */ = {
			isa = XCBuildConfiguration;
			buildSettings = {
				ALWAYS_SEARCH_USER_PATHS = NO;
				CLANG_ANALYZER_NONNULL = YES;
				CLANG_ANALYZER_NUMBER_OBJECT_CONVERSION = YES_AGGRESSIVE;
				CLANG_CXX_LANGUAGE_STANDARD = "gnu++17";
				CLANG_CXX_LIBRARY = "libc++";
				CLANG_ENABLE_MODULES = YES;
				CLANG_ENABLE_OBJC_ARC = YES;
				CLANG_ENABLE_OBJC_WEAK = YES;
				CLANG_WARN_BLOCK_CAPTURE_AUTORELEASING = YES;
				CLANG_WARN_BOOL_CONVERSION = YES;
				CLANG_WARN_COMMA = YES;
				CLANG_WARN_CONSTANT_CONVERSION = YES;
				CLANG_WARN_DEPRECATED_OBJC_IMPLEMENTATIONS = YES;
				CLANG_WARN_DIRECT_OBJC_ISA_USAGE = YES_ERROR;
				CLANG_WARN_DOCUMENTATION_COMMENTS = YES;
				CLANG_WARN_EMPTY_BODY = YES;
				CLANG_WARN_ENUM_CONVERSION = YES;
				CLANG_WARN_INFINITE_RECURSION = YES;
				CLANG_WARN_INT_CONVERSION = YES;
				CLANG_WARN_NON_LITERAL_NULL_CONVERSION = YES;
				CLANG_WARN_OBJC_IMPLICIT_RETAIN_SELF = YES;
				CLANG_WARN_OBJC_LITERAL_CONVERSION = YES;
				CLANG_WARN_OBJC_ROOT_CLASS = YES_ERROR;
				CLANG_WARN_QUOTED_INCLUDE_IN_FRAMEWORK_HEADER = YES;
				CLANG_WARN_RANGE_LOOP_ANALYSIS = YES;
				CLANG_WARN_STRICT_PROTOTYPES = YES;
				CLANG_WARN_SUSPICIOUS_MOVE = YES;
				CLANG_WARN_UNGUARDED_AVAILABILITY = YES_AGGRESSIVE;
				CLANG_WARN_UNREACHABLE_CODE = YES;
				CLANG_WARN__DUPLICATE_METHOD_MATCH = YES;
				COPY_PHASE_STRIP = NO;
				DEBUG_INFORMATION_FORMAT = dwarf;
				ENABLE_STRICT_OBJC_MSGSEND = YES;
				ENABLE_TESTABILITY = YES;
				GCC_C_LANGUAGE_STANDARD = gnu11;
				GCC_DYNAMIC_NO_PIC = NO;
				GCC_NO_COMMON_BLOCKS = YES;
				GCC_OPTIMIZATION_LEVEL = 0;
				GCC_PREPROCESSOR_DEFINITIONS = (
					"DEBUG=1",
					"$(inherited)",
				);
				GCC_WARN_64_TO_32_BIT_CONVERSION = YES;
				GCC_WARN_ABOUT_RETURN_TYPE = YES_ERROR;
				GCC_WARN_UNDECLARED_SELECTOR = YES;
				GCC_WARN_UNINITIALIZED_AUTOS = YES_AGGRESSIVE;
				GCC_WARN_UNUSED_FUNCTION = YES;
				GCC_WARN_UNUSED_VARIABLE = YES;
				IPHONEOS_DEPLOYMENT_TARGET = 15.2;
				MTL_ENABLE_DEBUG_INFO = INCLUDE_SOURCE;
				MTL_FAST_MATH = YES;
				ONLY_ACTIVE_ARCH = YES;
				SDKROOT = iphoneos;
				SWIFT_ACTIVE_COMPILATION_CONDITIONS = DEBUG;
				SWIFT_OPTIMIZATION_LEVEL = "-Onone";
			};
			name = Debug;
		};
		4A770A8D27AC11460056B7CC /* Release */ = {
			isa = XCBuildConfiguration;
			buildSettings = {
				ALWAYS_SEARCH_USER_PATHS = NO;
				CLANG_ANALYZER_NONNULL = YES;
				CLANG_ANALYZER_NUMBER_OBJECT_CONVERSION = YES_AGGRESSIVE;
				CLANG_CXX_LANGUAGE_STANDARD = "gnu++17";
				CLANG_CXX_LIBRARY = "libc++";
				CLANG_ENABLE_MODULES = YES;
				CLANG_ENABLE_OBJC_ARC = YES;
				CLANG_ENABLE_OBJC_WEAK = YES;
				CLANG_WARN_BLOCK_CAPTURE_AUTORELEASING = YES;
				CLANG_WARN_BOOL_CONVERSION = YES;
				CLANG_WARN_COMMA = YES;
				CLANG_WARN_CONSTANT_CONVERSION = YES;
				CLANG_WARN_DEPRECATED_OBJC_IMPLEMENTATIONS = YES;
				CLANG_WARN_DIRECT_OBJC_ISA_USAGE = YES_ERROR;
				CLANG_WARN_DOCUMENTATION_COMMENTS = YES;
				CLANG_WARN_EMPTY_BODY = YES;
				CLANG_WARN_ENUM_CONVERSION = YES;
				CLANG_WARN_INFINITE_RECURSION = YES;
				CLANG_WARN_INT_CONVERSION = YES;
				CLANG_WARN_NON_LITERAL_NULL_CONVERSION = YES;
				CLANG_WARN_OBJC_IMPLICIT_RETAIN_SELF = YES;
				CLANG_WARN_OBJC_LITERAL_CONVERSION = YES;
				CLANG_WARN_OBJC_ROOT_CLASS = YES_ERROR;
				CLANG_WARN_QUOTED_INCLUDE_IN_FRAMEWORK_HEADER = YES;
				CLANG_WARN_RANGE_LOOP_ANALYSIS = YES;
				CLANG_WARN_STRICT_PROTOTYPES = YES;
				CLANG_WARN_SUSPICIOUS_MOVE = YES;
				CLANG_WARN_UNGUARDED_AVAILABILITY = YES_AGGRESSIVE;
				CLANG_WARN_UNREACHABLE_CODE = YES;
				CLANG_WARN__DUPLICATE_METHOD_MATCH = YES;
				COPY_PHASE_STRIP = NO;
				DEBUG_INFORMATION_FORMAT = "dwarf-with-dsym";
				ENABLE_NS_ASSERTIONS = NO;
				ENABLE_STRICT_OBJC_MSGSEND = YES;
				GCC_C_LANGUAGE_STANDARD = gnu11;
				GCC_NO_COMMON_BLOCKS = YES;
				GCC_WARN_64_TO_32_BIT_CONVERSION = YES;
				GCC_WARN_ABOUT_RETURN_TYPE = YES_ERROR;
				GCC_WARN_UNDECLARED_SELECTOR = YES;
				GCC_WARN_UNINITIALIZED_AUTOS = YES_AGGRESSIVE;
				GCC_WARN_UNUSED_FUNCTION = YES;
				GCC_WARN_UNUSED_VARIABLE = YES;
				IPHONEOS_DEPLOYMENT_TARGET = 15.2;
				MTL_ENABLE_DEBUG_INFO = NO;
				MTL_FAST_MATH = YES;
				SDKROOT = iphoneos;
				SWIFT_COMPILATION_MODE = wholemodule;
				SWIFT_OPTIMIZATION_LEVEL = "-O";
				VALIDATE_PRODUCT = YES;
			};
			name = Release;
		};
		4A770A8F27AC11460056B7CC /* Debug */ = {
			isa = XCBuildConfiguration;
			buildSettings = {
				ASSETCATALOG_COMPILER_APPICON_NAME = AppIcon;
				ASSETCATALOG_COMPILER_GLOBAL_ACCENT_COLOR_NAME = AccentColor;
				CODE_SIGN_STYLE = Automatic;
				CURRENT_PROJECT_VERSION = 1;
				DEVELOPMENT_TEAM = H25RSVW6NX;
				GENERATE_INFOPLIST_FILE = YES;
				INFOPLIST_FILE = RegistrationForm/Info.plist;
				INFOPLIST_KEY_UIApplicationSupportsIndirectInputEvents = YES;
				INFOPLIST_KEY_UILaunchStoryboardName = LaunchScreen;
				INFOPLIST_KEY_UIMainStoryboardFile = Main;
				INFOPLIST_KEY_UISupportedInterfaceOrientations_iPad = "UIInterfaceOrientationPortrait UIInterfaceOrientationPortraitUpsideDown UIInterfaceOrientationLandscapeLeft UIInterfaceOrientationLandscapeRight";
				INFOPLIST_KEY_UISupportedInterfaceOrientations_iPhone = "UIInterfaceOrientationPortrait UIInterfaceOrientationLandscapeLeft UIInterfaceOrientationLandscapeRight";
				LD_RUNPATH_SEARCH_PATHS = (
					"$(inherited)",
					"@executable_path/Frameworks",
				);
				MARKETING_VERSION = 1.0;
				PRODUCT_BUNDLE_IDENTIFIER = c.a.RegistrationForm;
				PRODUCT_NAME = "$(TARGET_NAME)";
				SWIFT_EMIT_LOC_STRINGS = YES;
				SWIFT_VERSION = 5.0;
				TARGETED_DEVICE_FAMILY = "1,2";
			};
			name = Debug;
		};
		4A770A9027AC11460056B7CC /* Release */ = {
			isa = XCBuildConfiguration;
			buildSettings = {
				ASSETCATALOG_COMPILER_APPICON_NAME = AppIcon;
				ASSETCATALOG_COMPILER_GLOBAL_ACCENT_COLOR_NAME = AccentColor;
				CODE_SIGN_STYLE = Automatic;
				CURRENT_PROJECT_VERSION = 1;
				DEVELOPMENT_TEAM = H25RSVW6NX;
				GENERATE_INFOPLIST_FILE = YES;
				INFOPLIST_FILE = RegistrationForm/Info.plist;
				INFOPLIST_KEY_UIApplicationSupportsIndirectInputEvents = YES;
				INFOPLIST_KEY_UILaunchStoryboardName = LaunchScreen;
				INFOPLIST_KEY_UIMainStoryboardFile = Main;
				INFOPLIST_KEY_UISupportedInterfaceOrientations_iPad = "UIInterfaceOrientationPortrait UIInterfaceOrientationPortraitUpsideDown UIInterfaceOrientationLandscapeLeft UIInterfaceOrientationLandscapeRight";
				INFOPLIST_KEY_UISupportedInterfaceOrientations_iPhone = "UIInterfaceOrientationPortrait UIInterfaceOrientationLandscapeLeft UIInterfaceOrientationLandscapeRight";
				LD_RUNPATH_SEARCH_PATHS = (
					"$(inherited)",
					"@executable_path/Frameworks",
				);
				MARKETING_VERSION = 1.0;
				PRODUCT_BUNDLE_IDENTIFIER = c.a.RegistrationForm;
				PRODUCT_NAME = "$(TARGET_NAME)";
				SWIFT_EMIT_LOC_STRINGS = YES;
				SWIFT_VERSION = 5.0;
				TARGETED_DEVICE_FAMILY = "1,2";
			};
			name = Release;
		};
		4A770A9227AC11460056B7CC /* Debug */ = {
			isa = XCBuildConfiguration;
			buildSettings = {
				ALWAYS_EMBED_SWIFT_STANDARD_LIBRARIES = YES;
				BUNDLE_LOADER = "$(TEST_HOST)";
				CODE_SIGN_STYLE = Automatic;
				CURRENT_PROJECT_VERSION = 1;
				DEVELOPMENT_TEAM = H25RSVW6NX;
				GENERATE_INFOPLIST_FILE = YES;
				IPHONEOS_DEPLOYMENT_TARGET = 15.2;
				MARKETING_VERSION = 1.0;
				PRODUCT_BUNDLE_IDENTIFIER = c.a.RegistrationFormTests;
				PRODUCT_NAME = "$(TARGET_NAME)";
				SWIFT_EMIT_LOC_STRINGS = NO;
				SWIFT_VERSION = 5.0;
				TARGETED_DEVICE_FAMILY = "1,2";
				TEST_HOST = "$(BUILT_PRODUCTS_DIR)/RegistrationForm.app/RegistrationForm";
			};
			name = Debug;
		};
		4A770A9327AC11460056B7CC /* Release */ = {
			isa = XCBuildConfiguration;
			buildSettings = {
				ALWAYS_EMBED_SWIFT_STANDARD_LIBRARIES = YES;
				BUNDLE_LOADER = "$(TEST_HOST)";
				CODE_SIGN_STYLE = Automatic;
				CURRENT_PROJECT_VERSION = 1;
				DEVELOPMENT_TEAM = H25RSVW6NX;
				GENERATE_INFOPLIST_FILE = YES;
				IPHONEOS_DEPLOYMENT_TARGET = 15.2;
				MARKETING_VERSION = 1.0;
				PRODUCT_BUNDLE_IDENTIFIER = c.a.RegistrationFormTests;
				PRODUCT_NAME = "$(TARGET_NAME)";
				SWIFT_EMIT_LOC_STRINGS = NO;
				SWIFT_VERSION = 5.0;
				TARGETED_DEVICE_FAMILY = "1,2";
				TEST_HOST = "$(BUILT_PRODUCTS_DIR)/RegistrationForm.app/RegistrationForm";
			};
			name = Release;
		};
		4A770A9527AC11460056B7CC /* Debug */ = {
			isa = XCBuildConfiguration;
			buildSettings = {
				ALWAYS_EMBED_SWIFT_STANDARD_LIBRARIES = YES;
				CODE_SIGN_STYLE = Automatic;
				CURRENT_PROJECT_VERSION = 1;
				DEVELOPMENT_TEAM = H25RSVW6NX;
				GENERATE_INFOPLIST_FILE = YES;
				MARKETING_VERSION = 1.0;
				PRODUCT_BUNDLE_IDENTIFIER = c.a.RegistrationFormUITests;
				PRODUCT_NAME = "$(TARGET_NAME)";
				SWIFT_EMIT_LOC_STRINGS = NO;
				SWIFT_VERSION = 5.0;
				TARGETED_DEVICE_FAMILY = "1,2";
				TEST_TARGET_NAME = RegistrationForm;
			};
			name = Debug;
		};
		4A770A9627AC11460056B7CC /* Release */ = {
			isa = XCBuildConfiguration;
			buildSettings = {
				ALWAYS_EMBED_SWIFT_STANDARD_LIBRARIES = YES;
				CODE_SIGN_STYLE = Automatic;
				CURRENT_PROJECT_VERSION = 1;
				DEVELOPMENT_TEAM = H25RSVW6NX;
				GENERATE_INFOPLIST_FILE = YES;
				MARKETING_VERSION = 1.0;
				PRODUCT_BUNDLE_IDENTIFIER = c.a.RegistrationFormUITests;
				PRODUCT_NAME = "$(TARGET_NAME)";
				SWIFT_EMIT_LOC_STRINGS = NO;
				SWIFT_VERSION = 5.0;
				TARGETED_DEVICE_FAMILY = "1,2";
				TEST_TARGET_NAME = RegistrationForm;
			};
			name = Release;
		};
/* End XCBuildConfiguration section */

/* Begin XCConfigurationList section */
		4A770A5F27AC11440056B7CC /* Build configuration list for PBXProject "RegistrationForm" */ = {
			isa = XCConfigurationList;
			buildConfigurations = (
				4A770A8C27AC11460056B7CC /* Debug */,
				4A770A8D27AC11460056B7CC /* Release */,
			);
			defaultConfigurationIsVisible = 0;
			defaultConfigurationName = Release;
		};
		4A770A8E27AC11460056B7CC /* Build configuration list for PBXNativeTarget "RegistrationForm" */ = {
			isa = XCConfigurationList;
			buildConfigurations = (
				4A770A8F27AC11460056B7CC /* Debug */,
				4A770A9027AC11460056B7CC /* Release */,
			);
			defaultConfigurationIsVisible = 0;
			defaultConfigurationName = Release;
		};
		4A770A9127AC11460056B7CC /* Build configuration list for PBXNativeTarget "RegistrationFormTests" */ = {
			isa = XCConfigurationList;
			buildConfigurations = (
				4A770A9227AC11460056B7CC /* Debug */,
				4A770A9327AC11460056B7CC /* Release */,
			);
			defaultConfigurationIsVisible = 0;
			defaultConfigurationName = Release;
		};
		4A770A9427AC11460056B7CC /* Build configuration list for PBXNativeTarget "RegistrationFormUITests" */ = {
			isa = XCConfigurationList;
			buildConfigurations = (
				4A770A9527AC11460056B7CC /* Debug */,
				4A770A9627AC11460056B7CC /* Release */,
			);
			defaultConfigurationIsVisible = 0;
			defaultConfigurationName = Release;
		};
/* End XCConfigurationList section */
	};
	rootObject = 4A770A5C27AC11440056B7CC /* Project object */;
}
